Microsoft Visual Studio Solution File, Format Version 12.00
# Visual Studio Version 16
Project("{2150E333-8FDC-42A3-9474-1A3956D46DE8}") = "Solution Items", "Solution Items", "{B283EBC2-E01F-412D-9339-FD56EF114549}"
	ProjectSection(SolutionItems) = preProject
		..\..\..\Packages\Versions.props = ..\..\..\Packages\Versions.props
		..\..\..\Packages\Versions.Local.json = ..\..\..\Packages\Versions.Local.json
		..\..\..\Packages\Versions.Local.props = ..\..\..\Packages\Versions.Local.props
		..\..\..\Packages\Packages.pkgs = ..\..\..\Packages\Packages.pkgs
		..\..\..\Packages\Packages\AnyOf.pkgs = ..\..\..\Packages\Packages\AnyOf.pkgs
		..\..\..\Packages\Packages\APIVersioning.pkgs = ..\..\..\Packages\Packages\APIVersioning.pkgs
		..\..\..\Packages\Packages\AutoMapper.pkgs = ..\..\..\Packages\Packages\AutoMapper.pkgs
		..\..\..\Packages\Packages\Azure.pkgs = ..\..\..\Packages\Packages\Azure.pkgs
		..\..\..\Packages\Packages\AzureFunctions.pkgs = ..\..\..\Packages\Packages\AzureFunctions.pkgs
		..\..\..\Packages\Packages\DDD.pkgs = ..\..\..\Packages\Packages\DDD.pkgs
		..\..\..\Packages\Packages\EFCore.pkgs = ..\..\..\Packages\Packages\EFCore.pkgs
		..\..\..\Packages\Packages\GlobalBuild.pkgs = ..\..\..\Packages\Packages\GlobalBuild.pkgs
		..\..\..\Packages\Packages\GlobalCodeGenerators.pkgs = ..\..\..\Packages\Packages\GlobalCodeGenerators.pkgs
		..\..\..\Packages\Packages\Images.pkgs = ..\..\..\Packages\Packages\Images.pkgs
		..\..\..\Packages\Packages\McMaster.CommandLineUtils.pkgs = ..\..\..\Packages\Packages\McMaster.CommandLineUtils.pkgs
		..\..\..\Packages\Packages\MediatR.pkgs = ..\..\..\Packages\Packages\MediatR.pkgs
		..\..\..\Packages\Packages\Microsoft.AspNetCore.pkgs = ..\..\..\Packages\Packages\Microsoft.AspNetCore.pkgs
		..\..\..\Packages\Packages\Microsoft.Extensions.pkgs = ..\..\..\Packages\Packages\Microsoft.Extensions.pkgs
		..\..\..\Packages\Packages\Microsoft.Identity.pkgs = ..\..\..\Packages\Packages\Microsoft.Identity.pkgs
		..\..\..\Packages\Packages\Microsoft.VisualStudio.Shell.Interop.pkgs = ..\..\..\Packages\Packages\Microsoft.VisualStudio.Shell.Interop.pkgs
		..\..\..\Packages\Packages\Miscellany.pkgs = ..\..\..\Packages\Packages\Miscellany.pkgs
		..\..\..\Packages\Packages\MSBuild.pkgs = ..\..\..\Packages\Packages\MSBuild.pkgs
		..\..\..\Packages\Packages\MSBuildProjectCreator.pkgs = ..\..\..\Packages\Packages\MSBuildProjectCreator.pkgs
		..\..\..\Packages\Packages\MSBuildSdks.pkgs = ..\..\..\Packages\Packages\MSBuildSdks.pkgs
		..\..\..\Packages\Packages\Newtonsoft.Json.pkgs = ..\..\..\Packages\Packages\Newtonsoft.Json.pkgs
		..\..\..\Packages\Packages\NuGet.pkgs = ..\..\..\Packages\Packages\NuGet.pkgs
		..\..\..\Packages\Packages\Powershell.pkgs = ..\..\..\Packages\Packages\Powershell.pkgs
		..\..\..\Packages\Packages\Roslyn.pkgs = ..\..\..\Packages\Packages\Roslyn.pkgs
		..\..\..\Packages\Packages\Serilog.pkgs = ..\..\..\Packages\Packages\Serilog.pkgs
		..\..\..\Packages\Packages\SlnGen.pkgs = ..\..\..\Packages\Packages\SlnGen.pkgs
		..\..\..\Packages\Packages\Swashbuckle.pkgs = ..\..\..\Packages\Packages\Swashbuckle.pkgs
		..\..\..\Packages\Packages\System.pkgs = ..\..\..\Packages\Packages\System.pkgs
		..\..\..\Packages\Packages\Telegram.pkgs = ..\..\..\Packages\Packages\Telegram.pkgs
		..\..\..\Packages\Packages\Testing.EfCore.pkgs = ..\..\..\Packages\Packages\Testing.EfCore.pkgs
		..\..\..\Packages\Packages\Testing.pkgs = ..\..\..\Packages\Packages\Testing.pkgs
		..\..\..\Packages\Packages\Validation.pkgs = ..\..\..\Packages\Packages\Validation.pkgs
		..\..\..\Packages\Packages\XmlDocMd.pkgs = ..\..\..\Packages\Packages\XmlDocMd.pkgs
		..\..\..\Packages\Versions\AspNetCoreIdentity.props = ..\..\..\Packages\Versions\AspNetCoreIdentity.props
		..\..\..\Packages\Versions\AutoMapper.props = ..\..\..\Packages\Versions\AutoMapper.props
		..\..\..\Packages\Versions\CoreIntegratedLibs.props = ..\..\..\Packages\Versions\CoreIntegratedLibs.props
		..\..\..\Packages\Versions\EFCore.props = ..\..\..\Packages\Versions\EFCore.props
		..\..\..\Packages\Versions\JsonPatch.props = ..\..\..\Packages\Versions\JsonPatch.props
		..\..\..\Packages\Versions\MediatR.props = ..\..\..\Packages\Versions\MediatR.props
		..\..\..\Packages\Versions\Microsoft.CodeAnalysis.props = ..\..\..\Packages\Versions\Microsoft.CodeAnalysis.props
		..\..\..\Packages\Versions\Microsoft.Extensions.Logging.props = ..\..\..\Packages\Versions\Microsoft.Extensions.Logging.props
		..\..\..\Packages\Versions\MSBuild.props = ..\..\..\Packages\Versions\MSBuild.props
		..\..\..\Packages\Versions\PowerShell.props = ..\..\..\Packages\Versions\PowerShell.props
	EndProjectSection
EndProject
Project("{FAE04EC0-301F-11D3-BF4B-00C04F79EFBC}") = "Dgmjr.System.Extensions.Sln", "Dgmjr.System.Extensions.Sln.csproj", "{F28D04A7-C6CB-497A-B946-1647F2CEEF18}"
EndProject
Project("{FAE04EC0-301F-11D3-BF4B-00C04F79EFBC}") = "Dgmjr.System.Extensions", "src\Dgmjr.System.Extensions.csproj", "{7DDFDF69-719A-4751-9FD1-52BA708EB2C9}"
EndProject
Project("{FAE04EC0-301F-11D3-BF4B-00C04F79EFBC}") = "Dgmjr.System.Extensions.Tests", "Tests\Dgmjr.System.Extensions.Tests.csproj", "{F7FE2972-7F95-48A9-8E94-6A6D051397EC}"
EndProject
Global
	GlobalSection(SolutionConfigurationPlatforms) = preSolution
		Local|Any CPU = Local|Any CPU
		Debug|Any CPU = Debug|Any CPU
		Testing|Any CPU = Testing|Any CPU
		Staging|Any CPU = Staging|Any CPU
		Production|Any CPU = Production|Any CPU
		Release|Any CPU = Release|Any CPU
	EndGlobalSection
	GlobalSection(ProjectConfigurationPlatforms) = postSolution
		{F28D04A7-C6CB-497A-B946-1647F2CEEF18}.Local|Any CPU.ActiveCfg = Local|Any CPU
		{F28D04A7-C6CB-497A-B946-1647F2CEEF18}.Local|Any CPU.Build.0 = Local|Any CPU
		{F28D04A7-C6CB-497A-B946-1647F2CEEF18}.Debug|Any CPU.ActiveCfg = Debug|Any CPU
		{F28D04A7-C6CB-497A-B946-1647F2CEEF18}.Debug|Any CPU.Build.0 = Debug|Any CPU
		{F28D04A7-C6CB-497A-B946-1647F2CEEF18}.Testing|Any CPU.ActiveCfg = Testing|Any CPU
		{F28D04A7-C6CB-497A-B946-1647F2CEEF18}.Testing|Any CPU.Build.0 = Testing|Any CPU
		{F28D04A7-C6CB-497A-B946-1647F2CEEF18}.Staging|Any CPU.ActiveCfg = Staging|Any CPU
		{F28D04A7-C6CB-497A-B946-1647F2CEEF18}.Staging|Any CPU.Build.0 = Staging|Any CPU
		{F28D04A7-C6CB-497A-B946-1647F2CEEF18}.Production|Any CPU.ActiveCfg = Local|Any CPU
		{F28D04A7-C6CB-497A-B946-1647F2CEEF18}.Production|Any CPU.Build.0 = Local|Any CPU
		{F28D04A7-C6CB-497A-B946-1647F2CEEF18}.Release|Any CPU.ActiveCfg = Release|Any CPU
		{F28D04A7-C6CB-497A-B946-1647F2CEEF18}.Release|Any CPU.Build.0 = Release|Any CPU
		{7DDFDF69-719A-4751-9FD1-52BA708EB2C9}.Local|Any CPU.ActiveCfg = Local|Any CPU
		{7DDFDF69-719A-4751-9FD1-52BA708EB2C9}.Local|Any CPU.Build.0 = Local|Any CPU
		{7DDFDF69-719A-4751-9FD1-52BA708EB2C9}.Debug|Any CPU.ActiveCfg = Debug|Any CPU
		{7DDFDF69-719A-4751-9FD1-52BA708EB2C9}.Debug|Any CPU.Build.0 = Debug|Any CPU
		{7DDFDF69-719A-4751-9FD1-52BA708EB2C9}.Testing|Any CPU.ActiveCfg = Testing|Any CPU
		{7DDFDF69-719A-4751-9FD1-52BA708EB2C9}.Testing|Any CPU.Build.0 = Testing|Any CPU
		{7DDFDF69-719A-4751-9FD1-52BA708EB2C9}.Staging|Any CPU.ActiveCfg = Staging|Any CPU
		{7DDFDF69-719A-4751-9FD1-52BA708EB2C9}.Staging|Any CPU.Build.0 = Staging|Any CPU
		{7DDFDF69-719A-4751-9FD1-52BA708EB2C9}.Production|Any CPU.ActiveCfg = Local|Any CPU
		{7DDFDF69-719A-4751-9FD1-52BA708EB2C9}.Production|Any CPU.Build.0 = Local|Any CPU
		{7DDFDF69-719A-4751-9FD1-52BA708EB2C9}.Release|Any CPU.ActiveCfg = Release|Any CPU
		{7DDFDF69-719A-4751-9FD1-52BA708EB2C9}.Release|Any CPU.Build.0 = Release|Any CPU
		{F7FE2972-7F95-48A9-8E94-6A6D051397EC}.Local|Any CPU.ActiveCfg = Local|Any CPU
		{F7FE2972-7F95-48A9-8E94-6A6D051397EC}.Local|Any CPU.Build.0 = Local|Any CPU
		{F7FE2972-7F95-48A9-8E94-6A6D051397EC}.Debug|Any CPU.ActiveCfg = Debug|Any CPU
		{F7FE2972-7F95-48A9-8E94-6A6D051397EC}.Debug|Any CPU.Build.0 = Debug|Any CPU
		{F7FE2972-7F95-48A9-8E94-6A6D051397EC}.Testing|Any CPU.ActiveCfg = Testing|Any CPU
		{F7FE2972-7F95-48A9-8E94-6A6D051397EC}.Testing|Any CPU.Build.0 = Testing|Any CPU
		{F7FE2972-7F95-48A9-8E94-6A6D051397EC}.Staging|Any CPU.ActiveCfg = Staging|Any CPU
		{F7FE2972-7F95-48A9-8E94-6A6D051397EC}.Staging|Any CPU.Build.0 = Staging|Any CPU
		{F7FE2972-7F95-48A9-8E94-6A6D051397EC}.Production|Any CPU.ActiveCfg = Local|Any CPU
		{F7FE2972-7F95-48A9-8E94-6A6D051397EC}.Production|Any CPU.Build.0 = Local|Any CPU
		{F7FE2972-7F95-48A9-8E94-6A6D051397EC}.Release|Any CPU.ActiveCfg = Release|Any CPU
		{F7FE2972-7F95-48A9-8E94-6A6D051397EC}.Release|Any CPU.Build.0 = Release|Any CPU
	EndGlobalSection
	GlobalSection(SolutionProperties) = preSolution
		HideSolutionNode = FALSE
	EndGlobalSection
	GlobalSection(ExtensibilityGlobals) = postSolution
		SolutionGuid = {B15BA192-116C-4F91-8D5A-A0DF67DA4828}
	EndGlobalSection
EndGlobal
